
Microsoft Visual Studio Solution File, Format Version 12.00
# Visual Studio Version 16
VisualStudioVersion = 25.0.1705.5
MinimumVisualStudioVersion = 10.0.40219.1
Project("{FAE04EC0-301F-11D3-BF4B-00C04F79EFBC}") = "QuickSort", "QuickSort\QuickSort.csproj", "{91C6F727-B6F9-4306-9BDD-90C524C49A3F}"
EndProject
Project("{FAE04EC0-301F-11D3-BF4B-00C04F79EFBC}") = "QuickSortTests", "QuickSortTests\QuickSortTests.csproj", "{1CEAD1E9-DF82-4A9D-A686-CD258A77B8D3}"
EndProject
Global
	GlobalSection(SolutionConfigurationPlatforms) = preSolution
		Debug|Any CPU = Debug|Any CPU
		Release|Any CPU = Release|Any CPU
	EndGlobalSection
	GlobalSection(ProjectConfigurationPlatforms) = postSolution
		{91C6F727-B6F9-4306-9BDD-90C524C49A3F}.Debug|Any CPU.ActiveCfg = Debug|Any CPU
		{91C6F727-B6F9-4306-9BDD-90C524C49A3F}.Debug|Any CPU.Build.0 = Debug|Any CPU
		{91C6F727-B6F9-4306-9BDD-90C524C49A3F}.Release|Any CPU.ActiveCfg = Release|Any CPU
		{91C6F727-B6F9-4306-9BDD-90C524C49A3F}.Release|Any CPU.Build.0 = Release|Any CPU
		{1CEAD1E9-DF82-4A9D-A686-CD258A77B8D3}.Debug|Any CPU.ActiveCfg = Debug|Any CPU
		{1CEAD1E9-DF82-4A9D-A686-CD258A77B8D3}.Debug|Any CPU.Build.0 = Debug|Any CPU
		{1CEAD1E9-DF82-4A9D-A686-CD258A77B8D3}.Release|Any CPU.ActiveCfg = Release|Any CPU
		{1CEAD1E9-DF82-4A9D-A686-CD258A77B8D3}.Release|Any CPU.Build.0 = Release|Any CPU
	EndGlobalSection
	GlobalSection(SolutionProperties) = preSolution
		HideSolutionNode = FALSE
	EndGlobalSection
	GlobalSection(ExtensibilityGlobals) = postSolution
		SolutionGuid = {BBD3DB62-7FBD-4E99-B137-8F1E17573593}
	EndGlobalSection
EndGlobal
