
Microsoft Visual Studio Solution File, Format Version 12.00
# Visual Studio Version 16
VisualStudioVersion = 25.0.1705.5
MinimumVisualStudioVersion = 10.0.40219.1
Project("{FAE04EC0-301F-11D3-BF4B-00C04F79EFBC}") = "RecursiveMaxElementInList", "RecursiveMaxCountInList\RecursiveMaxElementInList.csproj", "{622B4ABA-D435-4794-AC7F-FF68CCF7E794}"
EndProject
Project("{FAE04EC0-301F-11D3-BF4B-00C04F79EFBC}") = "RecursiveMaxElementInListTests", "RecursiveMaxCountInListTests\RecursiveMaxElementInListTests.csproj", "{11C0A9F1-C45E-4312-B914-C0E8E954FBCC}"
EndProject
Global
	GlobalSection(SolutionConfigurationPlatforms) = preSolution
		Debug|Any CPU = Debug|Any CPU
		Release|Any CPU = Release|Any CPU
	EndGlobalSection
	GlobalSection(ProjectConfigurationPlatforms) = postSolution
		{622B4ABA-D435-4794-AC7F-FF68CCF7E794}.Debug|Any CPU.ActiveCfg = Debug|Any CPU
		{622B4ABA-D435-4794-AC7F-FF68CCF7E794}.Debug|Any CPU.Build.0 = Debug|Any CPU
		{622B4ABA-D435-4794-AC7F-FF68CCF7E794}.Release|Any CPU.ActiveCfg = Release|Any CPU
		{622B4ABA-D435-4794-AC7F-FF68CCF7E794}.Release|Any CPU.Build.0 = Release|Any CPU
		{11C0A9F1-C45E-4312-B914-C0E8E954FBCC}.Debug|Any CPU.ActiveCfg = Debug|Any CPU
		{11C0A9F1-C45E-4312-B914-C0E8E954FBCC}.Debug|Any CPU.Build.0 = Debug|Any CPU
		{11C0A9F1-C45E-4312-B914-C0E8E954FBCC}.Release|Any CPU.ActiveCfg = Release|Any CPU
		{11C0A9F1-C45E-4312-B914-C0E8E954FBCC}.Release|Any CPU.Build.0 = Release|Any CPU
	EndGlobalSection
	GlobalSection(SolutionProperties) = preSolution
		HideSolutionNode = FALSE
	EndGlobalSection
	GlobalSection(ExtensibilityGlobals) = postSolution
		SolutionGuid = {7C56EC3B-93F4-4107-9EDA-3F7234F618F7}
	EndGlobalSection
EndGlobal
