
Microsoft Visual Studio Solution File, Format Version 12.00
# Visual Studio Version 16
VisualStudioVersion = 25.0.1705.4
MinimumVisualStudioVersion = 10.0.40219.1
Project("{FAE04EC0-301F-11D3-BF4B-00C04F79EFBC}") = "BinarySearch", "BinarySearch\BinarySearch.csproj", "{78D8A247-7EC2-4D9F-A2FB-8673220AE211}"
EndProject
Global
	GlobalSection(SolutionConfigurationPlatforms) = preSolution
		Debug|Any CPU = Debug|Any CPU
		Release|Any CPU = Release|Any CPU
	EndGlobalSection
	GlobalSection(ProjectConfigurationPlatforms) = postSolution
		{78D8A247-7EC2-4D9F-A2FB-8673220AE211}.Debug|Any CPU.ActiveCfg = Debug|Any CPU
		{78D8A247-7EC2-4D9F-A2FB-8673220AE211}.Debug|Any CPU.Build.0 = Debug|Any CPU
		{78D8A247-7EC2-4D9F-A2FB-8673220AE211}.Release|Any CPU.ActiveCfg = Release|Any CPU
		{78D8A247-7EC2-4D9F-A2FB-8673220AE211}.Release|Any CPU.Build.0 = Release|Any CPU
	EndGlobalSection
	GlobalSection(SolutionProperties) = preSolution
		HideSolutionNode = FALSE
	EndGlobalSection
	GlobalSection(ExtensibilityGlobals) = postSolution
		SolutionGuid = {F2E3D9AC-9DC6-4D92-AAA0-ED95F500C19F}
	EndGlobalSection
EndGlobal
