
Microsoft Visual Studio Solution File, Format Version 12.00
# Visual Studio Version 16
VisualStudioVersion = 25.0.1705.5
MinimumVisualStudioVersion = 10.0.40219.1
Project("{FAE04EC0-301F-11D3-BF4B-00C04F79EFBC}") = "DijkstraSearch", "DijkstraSearch\DijkstraSearch.csproj", "{6EE8A3F7-BB53-4D89-A605-4CB1AFFD6E55}"
EndProject
Project("{FAE04EC0-301F-11D3-BF4B-00C04F79EFBC}") = "DijkstraSearchTests", "DijkstraSearchTests\DijkstraSearchTests.csproj", "{D9C10541-4EB0-473B-85AF-4FB153E3824D}"
EndProject
Global
	GlobalSection(SolutionConfigurationPlatforms) = preSolution
		Debug|Any CPU = Debug|Any CPU
		Release|Any CPU = Release|Any CPU
	EndGlobalSection
	GlobalSection(ProjectConfigurationPlatforms) = postSolution
		{6EE8A3F7-BB53-4D89-A605-4CB1AFFD6E55}.Debug|Any CPU.ActiveCfg = Debug|Any CPU
		{6EE8A3F7-BB53-4D89-A605-4CB1AFFD6E55}.Debug|Any CPU.Build.0 = Debug|Any CPU
		{6EE8A3F7-BB53-4D89-A605-4CB1AFFD6E55}.Release|Any CPU.ActiveCfg = Release|Any CPU
		{6EE8A3F7-BB53-4D89-A605-4CB1AFFD6E55}.Release|Any CPU.Build.0 = Release|Any CPU
		{D9C10541-4EB0-473B-85AF-4FB153E3824D}.Debug|Any CPU.ActiveCfg = Debug|Any CPU
		{D9C10541-4EB0-473B-85AF-4FB153E3824D}.Debug|Any CPU.Build.0 = Debug|Any CPU
		{D9C10541-4EB0-473B-85AF-4FB153E3824D}.Release|Any CPU.ActiveCfg = Release|Any CPU
		{D9C10541-4EB0-473B-85AF-4FB153E3824D}.Release|Any CPU.Build.0 = Release|Any CPU
	EndGlobalSection
	GlobalSection(SolutionProperties) = preSolution
		HideSolutionNode = FALSE
	EndGlobalSection
	GlobalSection(ExtensibilityGlobals) = postSolution
		SolutionGuid = {D6D8A521-2DB0-420D-A141-F4E36C2D9907}
	EndGlobalSection
EndGlobal
