
Microsoft Visual Studio Solution File, Format Version 12.00
# Visual Studio Version 16
VisualStudioVersion = 25.0.1705.5
MinimumVisualStudioVersion = 10.0.40219.1
Project("{FAE04EC0-301F-11D3-BF4B-00C04F79EFBC}") = "GreedyAlgorithm", "GreedyAlgorithm\GreedyAlgorithm.csproj", "{D4B8FE0D-7ABB-4400-9650-3C423D840548}"
EndProject
Project("{FAE04EC0-301F-11D3-BF4B-00C04F79EFBC}") = "GreedyAlgorithmTest", "GreedyAlgorithmTest\GreedyAlgorithmTest.csproj", "{AB769F5D-1E64-4B35-9390-741565E4B911}"
EndProject
Global
	GlobalSection(SolutionConfigurationPlatforms) = preSolution
		Debug|Any CPU = Debug|Any CPU
		Release|Any CPU = Release|Any CPU
	EndGlobalSection
	GlobalSection(ProjectConfigurationPlatforms) = postSolution
		{D4B8FE0D-7ABB-4400-9650-3C423D840548}.Debug|Any CPU.ActiveCfg = Debug|Any CPU
		{D4B8FE0D-7ABB-4400-9650-3C423D840548}.Debug|Any CPU.Build.0 = Debug|Any CPU
		{D4B8FE0D-7ABB-4400-9650-3C423D840548}.Release|Any CPU.ActiveCfg = Release|Any CPU
		{D4B8FE0D-7ABB-4400-9650-3C423D840548}.Release|Any CPU.Build.0 = Release|Any CPU
		{AB769F5D-1E64-4B35-9390-741565E4B911}.Debug|Any CPU.ActiveCfg = Debug|Any CPU
		{AB769F5D-1E64-4B35-9390-741565E4B911}.Debug|Any CPU.Build.0 = Debug|Any CPU
		{AB769F5D-1E64-4B35-9390-741565E4B911}.Release|Any CPU.ActiveCfg = Release|Any CPU
		{AB769F5D-1E64-4B35-9390-741565E4B911}.Release|Any CPU.Build.0 = Release|Any CPU
	EndGlobalSection
	GlobalSection(SolutionProperties) = preSolution
		HideSolutionNode = FALSE
	EndGlobalSection
	GlobalSection(ExtensibilityGlobals) = postSolution
		SolutionGuid = {CC92F8C7-DF49-43B0-9492-1E7F4F4B521C}
	EndGlobalSection
EndGlobal
